// !$*UTF8*$!
{
	archiveVersion = 1;
	classes = {
	};
	objectVersion = 55;
	objects = {

/* Begin PBXBuildFile section */
		8858667128E1962000F11B72 /* KidsCardTableViewCell.swift in Sources */ = {isa = PBXBuildFile; fileRef = 8858667028E1962000F11B72 /* KidsCardTableViewCell.swift */; };
		8858667328E1968000F11B72 /* UpdatesTableViewCell.swift in Sources */ = {isa = PBXBuildFile; fileRef = 8858667228E1968000F11B72 /* UpdatesTableViewCell.swift */; };
		8858667628E196E600F11B72 /* SecondaryLabel.swift in Sources */ = {isa = PBXBuildFile; fileRef = 8858667528E196E600F11B72 /* SecondaryLabel.swift */; };
		8858667828E1970C00F11B72 /* SecondaryLabelWithIcon.swift in Sources */ = {isa = PBXBuildFile; fileRef = 8858667728E1970C00F11B72 /* SecondaryLabelWithIcon.swift */; };
		8858667A28E1973000F11B72 /* SubtitleLabel.swift in Sources */ = {isa = PBXBuildFile; fileRef = 8858667928E1973000F11B72 /* SubtitleLabel.swift */; };
		8858667C28E1975A00F11B72 /* TitleLabel.swift in Sources */ = {isa = PBXBuildFile; fileRef = 8858667B28E1975A00F11B72 /* TitleLabel.swift */; };
		8858668028E198B200F11B72 /* ParentHomeScreenInteractorIO.swift in Sources */ = {isa = PBXBuildFile; fileRef = 8858667F28E198B200F11B72 /* ParentHomeScreenInteractorIO.swift */; };
		8858668228E198D900F11B72 /* ParentHomeScreenInteractor.swift in Sources */ = {isa = PBXBuildFile; fileRef = 8858668128E198D900F11B72 /* ParentHomeScreenInteractor.swift */; };
		8858668528E1998100F11B72 /* ParentHomeScreenViewIO.swift in Sources */ = {isa = PBXBuildFile; fileRef = 8858668428E1998100F11B72 /* ParentHomeScreenViewIO.swift */; };
		8858668728E199AC00F11B72 /* ParentHomeScreenViewController.swift in Sources */ = {isa = PBXBuildFile; fileRef = 8858668628E199AC00F11B72 /* ParentHomeScreenViewController.swift */; };
		8858668928E199F600F11B72 /* KidsUpdates.swift in Sources */ = {isa = PBXBuildFile; fileRef = 8858668828E199F600F11B72 /* KidsUpdates.swift */; };
		8858668B28E19A2500F11B72 /* ParentHomeScreenConfigurator.swift in Sources */ = {isa = PBXBuildFile; fileRef = 8858668A28E19A2500F11B72 /* ParentHomeScreenConfigurator.swift */; };
		8858668D28E19A4A00F11B72 /* ParentHomeScreenPresenter.swift in Sources */ = {isa = PBXBuildFile; fileRef = 8858668C28E19A4A00F11B72 /* ParentHomeScreenPresenter.swift */; };
		8858668F28E19A7700F11B72 /* ParentHomeScreenRouter.swift in Sources */ = {isa = PBXBuildFile; fileRef = 8858668E28E19A7700F11B72 /* ParentHomeScreenRouter.swift */; };
		889F433C28E18B9200DC347D /* CustomButton.swift in Sources */ = {isa = PBXBuildFile; fileRef = 889F433B28E18B9200DC347D /* CustomButton.swift */; };
		889F433E28E18BEC00DC347D /* PrimaryButton.swift in Sources */ = {isa = PBXBuildFile; fileRef = 889F433D28E18BEC00DC347D /* PrimaryButton.swift */; };
		889F434128E18C7800DC347D /* UIColor + Extension.swift in Sources */ = {isa = PBXBuildFile; fileRef = 889F434028E18C7800DC347D /* UIColor + Extension.swift */; };
		889F434328E18CC500DC347D /* UIFont + Extension.swift in Sources */ = {isa = PBXBuildFile; fileRef = 889F434228E18CC500DC347D /* UIFont + Extension.swift */; };
		889F434528E18D1000DC347D /* UIView + Extension.swift in Sources */ = {isa = PBXBuildFile; fileRef = 889F434428E18D1000DC347D /* UIView + Extension.swift */; };
		889F434728E18E6100DC347D /* NexaDemo-Bold.ttf in Resources */ = {isa = PBXBuildFile; fileRef = 889F434628E18E6100DC347D /* NexaDemo-Bold.ttf */; };
		889F434A28E18F5300DC347D /* WelcomeConfigurator.swift in Sources */ = {isa = PBXBuildFile; fileRef = 889F434928E18F5300DC347D /* WelcomeConfigurator.swift */; };
		889F434D28E18FE000DC347D /* WelcomeInteractor.swift in Sources */ = {isa = PBXBuildFile; fileRef = 889F434C28E18FE000DC347D /* WelcomeInteractor.swift */; };
		889F434F28E1900B00DC347D /* WelcomeInteractorIO.swift in Sources */ = {isa = PBXBuildFile; fileRef = 889F434E28E1900B00DC347D /* WelcomeInteractorIO.swift */; };
		889F435228E1904A00DC347D /* WelcomePresenter.swift in Sources */ = {isa = PBXBuildFile; fileRef = 889F435128E1904A00DC347D /* WelcomePresenter.swift */; };
		889F435428E1909600DC347D /* WelcomeRouter.swift in Sources */ = {isa = PBXBuildFile; fileRef = 889F435328E1909600DC347D /* WelcomeRouter.swift */; };
		889F435728E190EA00DC347D /* ComeBackView.swift in Sources */ = {isa = PBXBuildFile; fileRef = 889F435628E190EA00DC347D /* ComeBackView.swift */; };
		889F435928E1915900DC347D /* WelcomeViewController.swift in Sources */ = {isa = PBXBuildFile; fileRef = 889F435828E1915900DC347D /* WelcomeViewController.swift */; };
		889F435B28E191CF00DC347D /* WelcomeViewIO.swift in Sources */ = {isa = PBXBuildFile; fileRef = 889F435A28E191CF00DC347D /* WelcomeViewIO.swift */; };
		88D5282428E328C800220DFB /* KidsData.swift in Sources */ = {isa = PBXBuildFile; fileRef = 88D5282328E328C800220DFB /* KidsData.swift */; };
		975958FE28D9B40900570BB4 /* Button.swift in Sources */ = {isa = PBXBuildFile; fileRef = 975958FD28D9B40900570BB4 /* Button.swift */; };
		CA214CEE28BDFEF5006176A7 /* AppDelegate.swift in Sources */ = {isa = PBXBuildFile; fileRef = CA214CED28BDFEF5006176A7 /* AppDelegate.swift */; };
		CA214CF028BDFEF5006176A7 /* SceneDelegate.swift in Sources */ = {isa = PBXBuildFile; fileRef = CA214CEF28BDFEF5006176A7 /* SceneDelegate.swift */; };
		CA214CF228BDFEF5006176A7 /* ViewController.swift in Sources */ = {isa = PBXBuildFile; fileRef = CA214CF128BDFEF5006176A7 /* ViewController.swift */; };
		CA214CF528BDFEF5006176A7 /* Main.storyboard in Resources */ = {isa = PBXBuildFile; fileRef = CA214CF328BDFEF5006176A7 /* Main.storyboard */; };
		CA214CF728BDFEF7006176A7 /* Assets.xcassets in Resources */ = {isa = PBXBuildFile; fileRef = CA214CF628BDFEF7006176A7 /* Assets.xcassets */; };
		CA214CFA28BDFEF7006176A7 /* LaunchScreen.storyboard in Resources */ = {isa = PBXBuildFile; fileRef = CA214CF828BDFEF7006176A7 /* LaunchScreen.storyboard */; };
/* End PBXBuildFile section */

/* Begin PBXFileReference section */
		8858667028E1962000F11B72 /* KidsCardTableViewCell.swift */ = {isa = PBXFileReference; lastKnownFileType = sourcecode.swift; path = KidsCardTableViewCell.swift; sourceTree = "<group>"; };
		8858667228E1968000F11B72 /* UpdatesTableViewCell.swift */ = {isa = PBXFileReference; lastKnownFileType = sourcecode.swift; path = UpdatesTableViewCell.swift; sourceTree = "<group>"; };
		8858667528E196E600F11B72 /* SecondaryLabel.swift */ = {isa = PBXFileReference; lastKnownFileType = sourcecode.swift; path = SecondaryLabel.swift; sourceTree = "<group>"; };
		8858667728E1970C00F11B72 /* SecondaryLabelWithIcon.swift */ = {isa = PBXFileReference; lastKnownFileType = sourcecode.swift; path = SecondaryLabelWithIcon.swift; sourceTree = "<group>"; };
		8858667928E1973000F11B72 /* SubtitleLabel.swift */ = {isa = PBXFileReference; lastKnownFileType = sourcecode.swift; path = SubtitleLabel.swift; sourceTree = "<group>"; };
		8858667B28E1975A00F11B72 /* TitleLabel.swift */ = {isa = PBXFileReference; lastKnownFileType = sourcecode.swift; path = TitleLabel.swift; sourceTree = "<group>"; };
		8858667F28E198B200F11B72 /* ParentHomeScreenInteractorIO.swift */ = {isa = PBXFileReference; lastKnownFileType = sourcecode.swift; path = ParentHomeScreenInteractorIO.swift; sourceTree = "<group>"; };
		8858668128E198D900F11B72 /* ParentHomeScreenInteractor.swift */ = {isa = PBXFileReference; lastKnownFileType = sourcecode.swift; path = ParentHomeScreenInteractor.swift; sourceTree = "<group>"; };
		8858668428E1998100F11B72 /* ParentHomeScreenViewIO.swift */ = {isa = PBXFileReference; lastKnownFileType = sourcecode.swift; path = ParentHomeScreenViewIO.swift; sourceTree = "<group>"; };
		8858668628E199AC00F11B72 /* ParentHomeScreenViewController.swift */ = {isa = PBXFileReference; lastKnownFileType = sourcecode.swift; path = ParentHomeScreenViewController.swift; sourceTree = "<group>"; };
		8858668828E199F600F11B72 /* KidsUpdates.swift */ = {isa = PBXFileReference; lastKnownFileType = sourcecode.swift; path = KidsUpdates.swift; sourceTree = "<group>"; };
		8858668A28E19A2500F11B72 /* ParentHomeScreenConfigurator.swift */ = {isa = PBXFileReference; lastKnownFileType = sourcecode.swift; path = ParentHomeScreenConfigurator.swift; sourceTree = "<group>"; };
		8858668C28E19A4A00F11B72 /* ParentHomeScreenPresenter.swift */ = {isa = PBXFileReference; lastKnownFileType = sourcecode.swift; path = ParentHomeScreenPresenter.swift; sourceTree = "<group>"; };
		8858668E28E19A7700F11B72 /* ParentHomeScreenRouter.swift */ = {isa = PBXFileReference; lastKnownFileType = sourcecode.swift; path = ParentHomeScreenRouter.swift; sourceTree = "<group>"; };
		889F433B28E18B9200DC347D /* CustomButton.swift */ = {isa = PBXFileReference; lastKnownFileType = sourcecode.swift; path = CustomButton.swift; sourceTree = "<group>"; };
		889F433D28E18BEC00DC347D /* PrimaryButton.swift */ = {isa = PBXFileReference; lastKnownFileType = sourcecode.swift; path = PrimaryButton.swift; sourceTree = "<group>"; };
		889F434028E18C7800DC347D /* UIColor + Extension.swift */ = {isa = PBXFileReference; lastKnownFileType = sourcecode.swift; path = "UIColor + Extension.swift"; sourceTree = "<group>"; };
		889F434228E18CC500DC347D /* UIFont + Extension.swift */ = {isa = PBXFileReference; lastKnownFileType = sourcecode.swift; path = "UIFont + Extension.swift"; sourceTree = "<group>"; };
		889F434428E18D1000DC347D /* UIView + Extension.swift */ = {isa = PBXFileReference; lastKnownFileType = sourcecode.swift; path = "UIView + Extension.swift"; sourceTree = "<group>"; };
		889F434628E18E6100DC347D /* NexaDemo-Bold.ttf */ = {isa = PBXFileReference; lastKnownFileType = file; path = "NexaDemo-Bold.ttf"; sourceTree = "<group>"; };
		889F434928E18F5300DC347D /* WelcomeConfigurator.swift */ = {isa = PBXFileReference; lastKnownFileType = sourcecode.swift; path = WelcomeConfigurator.swift; sourceTree = "<group>"; };
		889F434C28E18FE000DC347D /* WelcomeInteractor.swift */ = {isa = PBXFileReference; lastKnownFileType = sourcecode.swift; path = WelcomeInteractor.swift; sourceTree = "<group>"; };
		889F434E28E1900B00DC347D /* WelcomeInteractorIO.swift */ = {isa = PBXFileReference; lastKnownFileType = sourcecode.swift; path = WelcomeInteractorIO.swift; sourceTree = "<group>"; };
		889F435128E1904A00DC347D /* WelcomePresenter.swift */ = {isa = PBXFileReference; lastKnownFileType = sourcecode.swift; path = WelcomePresenter.swift; sourceTree = "<group>"; };
		889F435328E1909600DC347D /* WelcomeRouter.swift */ = {isa = PBXFileReference; lastKnownFileType = sourcecode.swift; path = WelcomeRouter.swift; sourceTree = "<group>"; };
		889F435628E190EA00DC347D /* ComeBackView.swift */ = {isa = PBXFileReference; lastKnownFileType = sourcecode.swift; path = ComeBackView.swift; sourceTree = "<group>"; };
		889F435828E1915900DC347D /* WelcomeViewController.swift */ = {isa = PBXFileReference; lastKnownFileType = sourcecode.swift; path = WelcomeViewController.swift; sourceTree = "<group>"; };
		889F435A28E191CF00DC347D /* WelcomeViewIO.swift */ = {isa = PBXFileReference; lastKnownFileType = sourcecode.swift; path = WelcomeViewIO.swift; sourceTree = "<group>"; };
		88D5282328E328C800220DFB /* KidsData.swift */ = {isa = PBXFileReference; lastKnownFileType = sourcecode.swift; path = KidsData.swift; sourceTree = "<group>"; };
		975958FD28D9B40900570BB4 /* Button.swift */ = {isa = PBXFileReference; lastKnownFileType = sourcecode.swift; path = Button.swift; sourceTree = "<group>"; };
		9759590028D9B5A200570BB4 /* Roboto-Bold.ttf */ = {isa = PBXFileReference; lastKnownFileType = file; path = "Roboto-Bold.ttf"; sourceTree = "<group>"; };
		9759590128D9B5A200570BB4 /* Roboto-Medium.ttf */ = {isa = PBXFileReference; lastKnownFileType = file; path = "Roboto-Medium.ttf"; sourceTree = "<group>"; };
		9759590228D9B5A200570BB4 /* Roboto-Regular.ttf */ = {isa = PBXFileReference; lastKnownFileType = file; path = "Roboto-Regular.ttf"; sourceTree = "<group>"; };
		CA214CEA28BDFEF5006176A7 /* Project X.app */ = {isa = PBXFileReference; explicitFileType = wrapper.application; includeInIndex = 0; path = "Project X.app"; sourceTree = BUILT_PRODUCTS_DIR; };
		CA214CED28BDFEF5006176A7 /* AppDelegate.swift */ = {isa = PBXFileReference; lastKnownFileType = sourcecode.swift; path = AppDelegate.swift; sourceTree = "<group>"; };
		CA214CEF28BDFEF5006176A7 /* SceneDelegate.swift */ = {isa = PBXFileReference; lastKnownFileType = sourcecode.swift; path = SceneDelegate.swift; sourceTree = "<group>"; };
		CA214CF128BDFEF5006176A7 /* ViewController.swift */ = {isa = PBXFileReference; lastKnownFileType = sourcecode.swift; path = ViewController.swift; sourceTree = "<group>"; };
		CA214CF428BDFEF5006176A7 /* Base */ = {isa = PBXFileReference; lastKnownFileType = file.storyboard; name = Base; path = Base.lproj/Main.storyboard; sourceTree = "<group>"; };
		CA214CF628BDFEF7006176A7 /* Assets.xcassets */ = {isa = PBXFileReference; lastKnownFileType = folder.assetcatalog; path = Assets.xcassets; sourceTree = "<group>"; };
		CA214CF928BDFEF7006176A7 /* Base */ = {isa = PBXFileReference; lastKnownFileType = file.storyboard; name = Base; path = Base.lproj/LaunchScreen.storyboard; sourceTree = "<group>"; };
		CA214CFB28BDFEF7006176A7 /* Info.plist */ = {isa = PBXFileReference; lastKnownFileType = text.plist.xml; path = Info.plist; sourceTree = "<group>"; };
/* End PBXFileReference section */

/* Begin PBXFrameworksBuildPhase section */
		CA214CE728BDFEF5006176A7 /* Frameworks */ = {
			isa = PBXFrameworksBuildPhase;
			buildActionMask = 2147483647;
			files = (
			);
			runOnlyForDeploymentPostprocessing = 0;
		};
/* End PBXFrameworksBuildPhase section */

/* Begin PBXGroup section */
		8858666F28E195C500F11B72 /* Cells */ = {
			isa = PBXGroup;
			children = (
				8858667028E1962000F11B72 /* KidsCardTableViewCell.swift */,
				8858667228E1968000F11B72 /* UpdatesTableViewCell.swift */,
			);
			path = Cells;
			sourceTree = "<group>";
		};
		8858667428E196BF00F11B72 /* Labels */ = {
			isa = PBXGroup;
			children = (
				8858667528E196E600F11B72 /* SecondaryLabel.swift */,
				8858667728E1970C00F11B72 /* SecondaryLabelWithIcon.swift */,
				8858667928E1973000F11B72 /* SubtitleLabel.swift */,
				8858667B28E1975A00F11B72 /* TitleLabel.swift */,
			);
			path = Labels;
			sourceTree = "<group>";
		};
		8858667D28E1985800F11B72 /* ParentHomeScreenModule */ = {
			isa = PBXGroup;
			children = (
				8858668328E198FE00F11B72 /* ParentHomeScreenView */,
				8858667E28E1987500F11B72 /* ParentHomeScreenInteractor */,
				8858668A28E19A2500F11B72 /* ParentHomeScreenConfigurator.swift */,
				8858668C28E19A4A00F11B72 /* ParentHomeScreenPresenter.swift */,
				8858668E28E19A7700F11B72 /* ParentHomeScreenRouter.swift */,
			);
			path = ParentHomeScreenModule;
			sourceTree = "<group>";
		};
		8858667E28E1987500F11B72 /* ParentHomeScreenInteractor */ = {
			isa = PBXGroup;
			children = (
				8858667F28E198B200F11B72 /* ParentHomeScreenInteractorIO.swift */,
				8858668128E198D900F11B72 /* ParentHomeScreenInteractor.swift */,
			);
			path = ParentHomeScreenInteractor;
			sourceTree = "<group>";
		};
		8858668328E198FE00F11B72 /* ParentHomeScreenView */ = {
			isa = PBXGroup;
			children = (
				8858668428E1998100F11B72 /* ParentHomeScreenViewIO.swift */,
				8858668628E199AC00F11B72 /* ParentHomeScreenViewController.swift */,
			);
			path = ParentHomeScreenView;
			sourceTree = "<group>";
		};
		889F433A28E18B5B00DC347D /* Views */ = {
			isa = PBXGroup;
			children = (
				8858667428E196BF00F11B72 /* Labels */,
				8858666F28E195C500F11B72 /* Cells */,
				975958FC28D9B32900570BB4 /* Buttons */,
			);
			path = Views;
			sourceTree = "<group>";
		};
		889F433F28E18C4F00DC347D /* Extensions */ = {
			isa = PBXGroup;
			children = (
				889F434028E18C7800DC347D /* UIColor + Extension.swift */,
				889F434228E18CC500DC347D /* UIFont + Extension.swift */,
				889F434428E18D1000DC347D /* UIView + Extension.swift */,
			);
			path = Extensions;
			sourceTree = "<group>";
		};
		889F434828E18F0500DC347D /* WelcomeModule */ = {
			isa = PBXGroup;
			children = (
				889F435528E190C300DC347D /* WelcomeView */,
				889F435128E1904A00DC347D /* WelcomePresenter.swift */,
				889F435028E1902400DC347D /* WelcomeInteractor */,
				889F435328E1909600DC347D /* WelcomeRouter.swift */,
				889F434928E18F5300DC347D /* WelcomeConfigurator.swift */,
			);
			path = WelcomeModule;
			sourceTree = "<group>";
		};
		889F434B28E18FA800DC347D /* Resources */ = {
			isa = PBXGroup;
			children = (
				CA214CF628BDFEF7006176A7 /* Assets.xcassets */,
				975958FF28D9B59100570BB4 /* Fonts */,
			);
			path = Resources;
			sourceTree = "<group>";
		};
		889F435028E1902400DC347D /* WelcomeInteractor */ = {
			isa = PBXGroup;
			children = (
				889F434C28E18FE000DC347D /* WelcomeInteractor.swift */,
				889F434E28E1900B00DC347D /* WelcomeInteractorIO.swift */,
			);
			path = WelcomeInteractor;
			sourceTree = "<group>";
		};
		889F435528E190C300DC347D /* WelcomeView */ = {
			isa = PBXGroup;
			children = (
				889F435628E190EA00DC347D /* ComeBackView.swift */,
				889F435828E1915900DC347D /* WelcomeViewController.swift */,
				889F435A28E191CF00DC347D /* WelcomeViewIO.swift */,
			);
			path = WelcomeView;
			sourceTree = "<group>";
		};
		88D5282228E328AE00220DFB /* Entities */ = {
			isa = PBXGroup;
			children = (
				88D5282328E328C800220DFB /* KidsData.swift */,
				8858668828E199F600F11B72 /* KidsUpdates.swift */,
			);
			path = Entities;
			sourceTree = "<group>";
		};
		975958FB28D9B2FD00570BB4 /* Design System */ = {
			isa = PBXGroup;
			children = (
				889F433A28E18B5B00DC347D /* Views */,
			);
			path = "Design System";
			sourceTree = "<group>";
		};
		975958FC28D9B32900570BB4 /* Buttons */ = {
			isa = PBXGroup;
			children = (
				975958FD28D9B40900570BB4 /* Button.swift */,
				889F433B28E18B9200DC347D /* CustomButton.swift */,
				889F433D28E18BEC00DC347D /* PrimaryButton.swift */,
			);
			path = Buttons;
			sourceTree = "<group>";
		};
		975958FF28D9B59100570BB4 /* Fonts */ = {
			isa = PBXGroup;
			children = (
				9759590028D9B5A200570BB4 /* Roboto-Bold.ttf */,
				9759590128D9B5A200570BB4 /* Roboto-Medium.ttf */,
				9759590228D9B5A200570BB4 /* Roboto-Regular.ttf */,
				889F434628E18E6100DC347D /* NexaDemo-Bold.ttf */,
			);
			path = Fonts;
			sourceTree = "<group>";
		};
		CA214CE128BDFEF5006176A7 = {
			isa = PBXGroup;
			children = (
				CA214CEC28BDFEF5006176A7 /* Project X */,
				CA214CEB28BDFEF5006176A7 /* Products */,
			);
			sourceTree = "<group>";
		};
		CA214CEB28BDFEF5006176A7 /* Products */ = {
			isa = PBXGroup;
			children = (
				CA214CEA28BDFEF5006176A7 /* Project X.app */,
			);
			name = Products;
			sourceTree = "<group>";
		};
		CA214CEC28BDFEF5006176A7 /* Project X */ = {
			isa = PBXGroup;
			children = (
				CA214CED28BDFEF5006176A7 /* AppDelegate.swift */,
				CA214CEF28BDFEF5006176A7 /* SceneDelegate.swift */,
				CA214CF128BDFEF5006176A7 /* ViewController.swift */,
				88D5282228E328AE00220DFB /* Entities */,
				889F434828E18F0500DC347D /* WelcomeModule */,
				8858667D28E1985800F11B72 /* ParentHomeScreenModule */,
				975958FB28D9B2FD00570BB4 /* Design System */,
				889F433F28E18C4F00DC347D /* Extensions */,
				889F434B28E18FA800DC347D /* Resources */,
				CA214CF328BDFEF5006176A7 /* Main.storyboard */,
				CA214CF828BDFEF7006176A7 /* LaunchScreen.storyboard */,
				CA214CFB28BDFEF7006176A7 /* Info.plist */,
			);
			path = "Project X";
			sourceTree = "<group>";
		};
/* End PBXGroup section */

/* Begin PBXNativeTarget section */
		CA214CE928BDFEF5006176A7 /* Project X */ = {
			isa = PBXNativeTarget;
			buildConfigurationList = CA214CFE28BDFEF7006176A7 /* Build configuration list for PBXNativeTarget "Project X" */;
			buildPhases = (
				CA214CE628BDFEF5006176A7 /* Sources */,
				CA214CE728BDFEF5006176A7 /* Frameworks */,
				CA214CE828BDFEF5006176A7 /* Resources */,
			);
			buildRules = (
			);
			dependencies = (
			);
			name = "Project X";
			productName = "Project X";
			productReference = CA214CEA28BDFEF5006176A7 /* Project X.app */;
			productType = "com.apple.product-type.application";
		};
/* End PBXNativeTarget section */

/* Begin PBXProject section */
		CA214CE228BDFEF5006176A7 /* Project object */ = {
			isa = PBXProject;
			attributes = {
				BuildIndependentTargetsInParallel = 1;
				LastSwiftUpdateCheck = 1340;
				LastUpgradeCheck = 1340;
				TargetAttributes = {
					CA214CE928BDFEF5006176A7 = {
						CreatedOnToolsVersion = 13.4.1;
					};
				};
			};
			buildConfigurationList = CA214CE528BDFEF5006176A7 /* Build configuration list for PBXProject "Project X" */;
			compatibilityVersion = "Xcode 13.0";
			developmentRegion = en;
			hasScannedForEncodings = 0;
			knownRegions = (
				en,
				Base,
			);
			mainGroup = CA214CE128BDFEF5006176A7;
			productRefGroup = CA214CEB28BDFEF5006176A7 /* Products */;
			projectDirPath = "";
			projectRoot = "";
			targets = (
				CA214CE928BDFEF5006176A7 /* Project X */,
			);
		};
/* End PBXProject section */

/* Begin PBXResourcesBuildPhase section */
		CA214CE828BDFEF5006176A7 /* Resources */ = {
			isa = PBXResourcesBuildPhase;
			buildActionMask = 2147483647;
			files = (
				889F434728E18E6100DC347D /* NexaDemo-Bold.ttf in Resources */,
				CA214CFA28BDFEF7006176A7 /* LaunchScreen.storyboard in Resources */,
				CA214CF728BDFEF7006176A7 /* Assets.xcassets in Resources */,
				CA214CF528BDFEF5006176A7 /* Main.storyboard in Resources */,
			);
			runOnlyForDeploymentPostprocessing = 0;
		};
/* End PBXResourcesBuildPhase section */

/* Begin PBXSourcesBuildPhase section */
		CA214CE628BDFEF5006176A7 /* Sources */ = {
			isa = PBXSourcesBuildPhase;
			buildActionMask = 2147483647;
			files = (
				889F434328E18CC500DC347D /* UIFont + Extension.swift in Sources */,
				8858668528E1998100F11B72 /* ParentHomeScreenViewIO.swift in Sources */,
				889F435928E1915900DC347D /* WelcomeViewController.swift in Sources */,
				889F434128E18C7800DC347D /* UIColor + Extension.swift in Sources */,
				889F434D28E18FE000DC347D /* WelcomeInteractor.swift in Sources */,
				889F433E28E18BEC00DC347D /* PrimaryButton.swift in Sources */,
				CA214CF228BDFEF5006176A7 /* ViewController.swift in Sources */,
				8858668F28E19A7700F11B72 /* ParentHomeScreenRouter.swift in Sources */,
				8858667C28E1975A00F11B72 /* TitleLabel.swift in Sources */,
				975958FE28D9B40900570BB4 /* Button.swift in Sources */,
				8858667628E196E600F11B72 /* SecondaryLabel.swift in Sources */,
				8858667828E1970C00F11B72 /* SecondaryLabelWithIcon.swift in Sources */,
				889F435B28E191CF00DC347D /* WelcomeViewIO.swift in Sources */,
				CA214CEE28BDFEF5006176A7 /* AppDelegate.swift in Sources */,
				88D5282428E328C800220DFB /* KidsData.swift in Sources */,
				8858668228E198D900F11B72 /* ParentHomeScreenInteractor.swift in Sources */,
				889F435728E190EA00DC347D /* ComeBackView.swift in Sources */,
				8858667A28E1973000F11B72 /* SubtitleLabel.swift in Sources */,
				8858668B28E19A2500F11B72 /* ParentHomeScreenConfigurator.swift in Sources */,
				8858668928E199F600F11B72 /* KidsUpdates.swift in Sources */,
				889F435228E1904A00DC347D /* WelcomePresenter.swift in Sources */,
				8858668728E199AC00F11B72 /* ParentHomeScreenViewController.swift in Sources */,
				8858668028E198B200F11B72 /* ParentHomeScreenInteractorIO.swift in Sources */,
				889F434F28E1900B00DC347D /* WelcomeInteractorIO.swift in Sources */,
				CA214CF028BDFEF5006176A7 /* SceneDelegate.swift in Sources */,
				889F433C28E18B9200DC347D /* CustomButton.swift in Sources */,
				8858667128E1962000F11B72 /* KidsCardTableViewCell.swift in Sources */,
				8858668D28E19A4A00F11B72 /* ParentHomeScreenPresenter.swift in Sources */,
				8858667328E1968000F11B72 /* UpdatesTableViewCell.swift in Sources */,
				889F435428E1909600DC347D /* WelcomeRouter.swift in Sources */,
				889F434528E18D1000DC347D /* UIView + Extension.swift in Sources */,
				889F434A28E18F5300DC347D /* WelcomeConfigurator.swift in Sources */,
			);
			runOnlyForDeploymentPostprocessing = 0;
		};
/* End PBXSourcesBuildPhase section */

/* Begin PBXVariantGroup section */
		CA214CF328BDFEF5006176A7 /* Main.storyboard */ = {
			isa = PBXVariantGroup;
			children = (
				CA214CF428BDFEF5006176A7 /* Base */,
			);
			name = Main.storyboard;
			sourceTree = "<group>";
		};
		CA214CF828BDFEF7006176A7 /* LaunchScreen.storyboard */ = {
			isa = PBXVariantGroup;
			children = (
				CA214CF928BDFEF7006176A7 /* Base */,
			);
			name = LaunchScreen.storyboard;
			sourceTree = "<group>";
		};
/* End PBXVariantGroup section */

/* Begin XCBuildConfiguration section */
		CA214CFC28BDFEF7006176A7 /* Debug */ = {
			isa = XCBuildConfiguration;
			buildSettings = {
				ALWAYS_SEARCH_USER_PATHS = NO;
				CLANG_ANALYZER_NONNULL = YES;
				CLANG_ANALYZER_NUMBER_OBJECT_CONVERSION = YES_AGGRESSIVE;
				CLANG_CXX_LANGUAGE_STANDARD = "gnu++17";
				CLANG_ENABLE_MODULES = YES;
				CLANG_ENABLE_OBJC_ARC = YES;
				CLANG_ENABLE_OBJC_WEAK = YES;
				CLANG_WARN_BLOCK_CAPTURE_AUTORELEASING = YES;
				CLANG_WARN_BOOL_CONVERSION = YES;
				CLANG_WARN_COMMA = YES;
				CLANG_WARN_CONSTANT_CONVERSION = YES;
				CLANG_WARN_DEPRECATED_OBJC_IMPLEMENTATIONS = YES;
				CLANG_WARN_DIRECT_OBJC_ISA_USAGE = YES_ERROR;
				CLANG_WARN_DOCUMENTATION_COMMENTS = YES;
				CLANG_WARN_EMPTY_BODY = YES;
				CLANG_WARN_ENUM_CONVERSION = YES;
				CLANG_WARN_INFINITE_RECURSION = YES;
				CLANG_WARN_INT_CONVERSION = YES;
				CLANG_WARN_NON_LITERAL_NULL_CONVERSION = YES;
				CLANG_WARN_OBJC_IMPLICIT_RETAIN_SELF = YES;
				CLANG_WARN_OBJC_LITERAL_CONVERSION = YES;
				CLANG_WARN_OBJC_ROOT_CLASS = YES_ERROR;
				CLANG_WARN_QUOTED_INCLUDE_IN_FRAMEWORK_HEADER = YES;
				CLANG_WARN_RANGE_LOOP_ANALYSIS = YES;
				CLANG_WARN_STRICT_PROTOTYPES = YES;
				CLANG_WARN_SUSPICIOUS_MOVE = YES;
				CLANG_WARN_UNGUARDED_AVAILABILITY = YES_AGGRESSIVE;
				CLANG_WARN_UNREACHABLE_CODE = YES;
				CLANG_WARN__DUPLICATE_METHOD_MATCH = YES;
				COPY_PHASE_STRIP = NO;
				DEBUG_INFORMATION_FORMAT = dwarf;
				ENABLE_STRICT_OBJC_MSGSEND = YES;
				ENABLE_TESTABILITY = YES;
				GCC_C_LANGUAGE_STANDARD = gnu11;
				GCC_DYNAMIC_NO_PIC = NO;
				GCC_NO_COMMON_BLOCKS = YES;
				GCC_OPTIMIZATION_LEVEL = 0;
				GCC_PREPROCESSOR_DEFINITIONS = (
					"DEBUG=1",
					"$(inherited)",
				);
				GCC_WARN_64_TO_32_BIT_CONVERSION = YES;
				GCC_WARN_ABOUT_RETURN_TYPE = YES_ERROR;
				GCC_WARN_UNDECLARED_SELECTOR = YES;
				GCC_WARN_UNINITIALIZED_AUTOS = YES_AGGRESSIVE;
				GCC_WARN_UNUSED_FUNCTION = YES;
				GCC_WARN_UNUSED_VARIABLE = YES;
				IPHONEOS_DEPLOYMENT_TARGET = 15.5;
				MTL_ENABLE_DEBUG_INFO = INCLUDE_SOURCE;
				MTL_FAST_MATH = YES;
				ONLY_ACTIVE_ARCH = YES;
				SDKROOT = iphoneos;
				SWIFT_ACTIVE_COMPILATION_CONDITIONS = DEBUG;
				SWIFT_OPTIMIZATION_LEVEL = "-Onone";
			};
			name = Debug;
		};
		CA214CFD28BDFEF7006176A7 /* Release */ = {
			isa = XCBuildConfiguration;
			buildSettings = {
				ALWAYS_SEARCH_USER_PATHS = NO;
				CLANG_ANALYZER_NONNULL = YES;
				CLANG_ANALYZER_NUMBER_OBJECT_CONVERSION = YES_AGGRESSIVE;
				CLANG_CXX_LANGUAGE_STANDARD = "gnu++17";
				CLANG_ENABLE_MODULES = YES;
				CLANG_ENABLE_OBJC_ARC = YES;
				CLANG_ENABLE_OBJC_WEAK = YES;
				CLANG_WARN_BLOCK_CAPTURE_AUTORELEASING = YES;
				CLANG_WARN_BOOL_CONVERSION = YES;
				CLANG_WARN_COMMA = YES;
				CLANG_WARN_CONSTANT_CONVERSION = YES;
				CLANG_WARN_DEPRECATED_OBJC_IMPLEMENTATIONS = YES;
				CLANG_WARN_DIRECT_OBJC_ISA_USAGE = YES_ERROR;
				CLANG_WARN_DOCUMENTATION_COMMENTS = YES;
				CLANG_WARN_EMPTY_BODY = YES;
				CLANG_WARN_ENUM_CONVERSION = YES;
				CLANG_WARN_INFINITE_RECURSION = YES;
				CLANG_WARN_INT_CONVERSION = YES;
				CLANG_WARN_NON_LITERAL_NULL_CONVERSION = YES;
				CLANG_WARN_OBJC_IMPLICIT_RETAIN_SELF = YES;
				CLANG_WARN_OBJC_LITERAL_CONVERSION = YES;
				CLANG_WARN_OBJC_ROOT_CLASS = YES_ERROR;
				CLANG_WARN_QUOTED_INCLUDE_IN_FRAMEWORK_HEADER = YES;
				CLANG_WARN_RANGE_LOOP_ANALYSIS = YES;
				CLANG_WARN_STRICT_PROTOTYPES = YES;
				CLANG_WARN_SUSPICIOUS_MOVE = YES;
				CLANG_WARN_UNGUARDED_AVAILABILITY = YES_AGGRESSIVE;
				CLANG_WARN_UNREACHABLE_CODE = YES;
				CLANG_WARN__DUPLICATE_METHOD_MATCH = YES;
				COPY_PHASE_STRIP = NO;
				DEBUG_INFORMATION_FORMAT = "dwarf-with-dsym";
				ENABLE_NS_ASSERTIONS = NO;
				ENABLE_STRICT_OBJC_MSGSEND = YES;
				GCC_C_LANGUAGE_STANDARD = gnu11;
				GCC_NO_COMMON_BLOCKS = YES;
				GCC_WARN_64_TO_32_BIT_CONVERSION = YES;
				GCC_WARN_ABOUT_RETURN_TYPE = YES_ERROR;
				GCC_WARN_UNDECLARED_SELECTOR = YES;
				GCC_WARN_UNINITIALIZED_AUTOS = YES_AGGRESSIVE;
				GCC_WARN_UNUSED_FUNCTION = YES;
				GCC_WARN_UNUSED_VARIABLE = YES;
				IPHONEOS_DEPLOYMENT_TARGET = 15.5;
				MTL_ENABLE_DEBUG_INFO = NO;
				MTL_FAST_MATH = YES;
				SDKROOT = iphoneos;
				SWIFT_COMPILATION_MODE = wholemodule;
				SWIFT_OPTIMIZATION_LEVEL = "-O";
				VALIDATE_PRODUCT = YES;
			};
			name = Release;
		};
		CA214CFF28BDFEF7006176A7 /* Debug */ = {
			isa = XCBuildConfiguration;
			buildSettings = {
				ASSETCATALOG_COMPILER_APPICON_NAME = AppIcon;
				ASSETCATALOG_COMPILER_GLOBAL_ACCENT_COLOR_NAME = AccentColor;
				CODE_SIGN_STYLE = Automatic;
				CURRENT_PROJECT_VERSION = 1;
				DEVELOPMENT_TEAM = AD8W6UHLYK;
				GENERATE_INFOPLIST_FILE = YES;
				INFOPLIST_FILE = "Project X/Info.plist";
				INFOPLIST_KEY_UIApplicationSupportsIndirectInputEvents = YES;
				INFOPLIST_KEY_UILaunchStoryboardName = LaunchScreen;
				INFOPLIST_KEY_UIMainStoryboardFile = Main;
				INFOPLIST_KEY_UISupportedInterfaceOrientations_iPad = "UIInterfaceOrientationPortrait UIInterfaceOrientationPortraitUpsideDown UIInterfaceOrientationLandscapeLeft UIInterfaceOrientationLandscapeRight";
				INFOPLIST_KEY_UISupportedInterfaceOrientations_iPhone = "UIInterfaceOrientationPortrait UIInterfaceOrientationLandscapeLeft UIInterfaceOrientationLandscapeRight";
				LD_RUNPATH_SEARCH_PATHS = (
					"$(inherited)",
					"@executable_path/Frameworks",
				);
				MARKETING_VERSION = 1.0;
				PRODUCT_BUNDLE_IDENTIFIER = "ViktorIvanov.Project-X";
				PRODUCT_NAME = "$(TARGET_NAME)";
				SWIFT_EMIT_LOC_STRINGS = YES;
				SWIFT_VERSION = 5.0;
				TARGETED_DEVICE_FAMILY = "1,2";
			};
			name = Debug;
		};
		CA214D0028BDFEF7006176A7 /* Release */ = {
			isa = XCBuildConfiguration;
			buildSettings = {
				ASSETCATALOG_COMPILER_APPICON_NAME = AppIcon;
				ASSETCATALOG_COMPILER_GLOBAL_ACCENT_COLOR_NAME = AccentColor;
				CODE_SIGN_STYLE = Automatic;
				CURRENT_PROJECT_VERSION = 1;
				DEVELOPMENT_TEAM = AD8W6UHLYK;
				GENERATE_INFOPLIST_FILE = YES;
				INFOPLIST_FILE = "Project X/Info.plist";
				INFOPLIST_KEY_UIApplicationSupportsIndirectInputEvents = YES;
				INFOPLIST_KEY_UILaunchStoryboardName = LaunchScreen;
				INFOPLIST_KEY_UIMainStoryboardFile = Main;
				INFOPLIST_KEY_UISupportedInterfaceOrientations_iPad = "UIInterfaceOrientationPortrait UIInterfaceOrientationPortraitUpsideDown UIInterfaceOrientationLandscapeLeft UIInterfaceOrientationLandscapeRight";
				INFOPLIST_KEY_UISupportedInterfaceOrientations_iPhone = "UIInterfaceOrientationPortrait UIInterfaceOrientationLandscapeLeft UIInterfaceOrientationLandscapeRight";
				LD_RUNPATH_SEARCH_PATHS = (
					"$(inherited)",
					"@executable_path/Frameworks",
				);
				MARKETING_VERSION = 1.0;
				PRODUCT_BUNDLE_IDENTIFIER = "ViktorIvanov.Project-X";
				PRODUCT_NAME = "$(TARGET_NAME)";
				SWIFT_EMIT_LOC_STRINGS = YES;
				SWIFT_VERSION = 5.0;
				TARGETED_DEVICE_FAMILY = "1,2";
			};
			name = Release;
		};
/* End XCBuildConfiguration section */

/* Begin XCConfigurationList section */
		CA214CE528BDFEF5006176A7 /* Build configuration list for PBXProject "Project X" */ = {
			isa = XCConfigurationList;
			buildConfigurations = (
				CA214CFC28BDFEF7006176A7 /* Debug */,
				CA214CFD28BDFEF7006176A7 /* Release */,
			);
			defaultConfigurationIsVisible = 0;
			defaultConfigurationName = Release;
		};
		CA214CFE28BDFEF7006176A7 /* Build configuration list for PBXNativeTarget "Project X" */ = {
			isa = XCConfigurationList;
			buildConfigurations = (
				CA214CFF28BDFEF7006176A7 /* Debug */,
				CA214D0028BDFEF7006176A7 /* Release */,
			);
			defaultConfigurationIsVisible = 0;
			defaultConfigurationName = Release;
		};
/* End XCConfigurationList section */
	};
	rootObject = CA214CE228BDFEF5006176A7 /* Project object */;
}
